PODS:
  - lottie-ios (2.5.0)
  - TextFieldEffects (1.5.0)

DEPENDENCIES:
  - lottie-ios
  - TextFieldEffects

SPEC REPOS:
  https://github.com/cocoapods/specs.git:
    - lottie-ios
    - TextFieldEffects

SPEC CHECKSUMS:
  lottie-ios: d699fdee68d7b63e721d949388b015fef1aaa4ac
  TextFieldEffects: bf9e9cac7cb1a97d632fbcd0724bb6347dd86633

PODFILE CHECKSUM: de22b096f7c8ed338e004ae1a6278739b365a242

COCOAPODS: 1.5.2
